{
  "name": "vtex.save-cart",
  "version": "0.0.1",
  "lockfileVersion": 1,
  "requires": true,
  "dependencies": {
    "@types/async": {
      "version": "2.0.45",
      "resolved": "https://registry.npmjs.org/@types/async/-/async-2.0.45.tgz",
      "integrity": "sha512-Gul4iUqYqrQQypJpwjqR24dcgJAAjvwncznGBGrINmcz73eHLWkmE8/YGAo4Dr0ADKBCBlkA+f58plzFIh6XAA==",
      "optional": true
    },
    "@types/zen-observable": {
      "version": "0.5.3",
      "resolved": "https://registry.npmjs.org/@types/zen-observable/-/zen-observable-0.5.3.tgz",
      "integrity": "sha512-aDvGDAHcVfUqNmd8q4//cHAP+HGxsbChbBbuk3+kMVk5TTxfWLpQWvVN3+UPjohLnwMYN7jr6BWNn2cYNqdm7g=="
    },
    "apollo-cache": {
      "version": "1.0.2",
      "resolved": "https://registry.npmjs.org/apollo-cache/-/apollo-cache-1.0.2.tgz",
      "integrity": "sha512-VolOQhSlS9LNjAJP2QjEw0c8dDBZ47rqbeu/ygA3DabCdY/cTGOeybpBHmFePHA7ZzOE6+2EPxIhGmTRIZhS7A==",
      "requires": {
        "apollo-utilities": "1.0.3"
      }
    },
    "apollo-client": {
      "version": "2.0.4",
      "resolved": "https://registry.npmjs.org/apollo-client/-/apollo-client-2.0.4.tgz",
      "integrity": "sha512-xkm6VbzKZoIfzsGLCOQTJ56PnPFtKpzDzzQuROAF2bsqDI7kq7Z24SF7wadwxiFlAEzjrLNyzHcTHa9yllD+Bg==",
      "requires": {
        "@types/async": "2.0.45",
        "@types/zen-observable": "0.5.3",
        "apollo-cache": "1.0.2",
        "apollo-link": "1.0.6",
        "apollo-link-dedup": "1.0.4",
        "apollo-utilities": "1.0.3",
        "symbol-observable": "1.1.0",
        "zen-observable": "0.6.0"
      }
    },
    "apollo-link": {
      "version": "1.0.6",
      "resolved": "https://registry.npmjs.org/apollo-link/-/apollo-link-1.0.6.tgz",
      "integrity": "sha512-g/rEC0LeQv+T3gFcIpOuV3o/xC6eF7Rf2fttty2E8KanfkNn82cj19hiULZvcdIpmWGWmWE38AlNdxfY0ce3qg==",
      "requires": {
        "@types/zen-observable": "0.5.3",
        "apollo-utilities": "1.0.3",
        "zen-observable": "0.6.0"
      }
    },
    "apollo-link-dedup": {
      "version": "1.0.4",
      "resolved": "https://registry.npmjs.org/apollo-link-dedup/-/apollo-link-dedup-1.0.4.tgz",
      "integrity": "sha512-RtqPY8o+JNwTXiYAdNSGwEwfQWWlQ4n8dofNoGSBRHZnP8n8UL9MZ0kDV6VTiKl/LennGMPtWVbDaz4tIgnK6w==",
      "requires": {
        "apollo-link": "1.0.6"
      }
    },
    "apollo-utilities": {
      "version": "1.0.3",
      "resolved": "https://registry.npmjs.org/apollo-utilities/-/apollo-utilities-1.0.3.tgz",
      "integrity": "sha512-wNKf0GAXfvnmZFYVl1YIzZ6LDSUe+zo4SKd2kbzi7YquNZUuSwJnG1FfEphvfwRRTI2dnpcGZEq26I7uUBrWNw=="
    },
    "axios": {
      "version": "0.17.1",
      "resolved": "https://registry.npmjs.org/axios/-/axios-0.17.1.tgz",
      "integrity": "sha1-LY4+XQvb1zJ/kbyBT1xXZg+Bgk0=",
      "requires": {
        "follow-redirects": "1.2.6",
        "is-buffer": "1.1.6"
      },
      "dependencies": {
        "debug": {
          "version": "3.1.0",
          "resolved": "https://registry.npmjs.org/debug/-/debug-3.1.0.tgz",
          "integrity": "sha512-OX8XqP7/1a9cqkxYw2yXss15f26NKWBpDXQd0/uK/KPqdQhxbPa994hnzjcE2VqQpDslf55723cKPUOGSmMY3g==",
          "requires": {
            "ms": "2.0.0"
          }
        },
        "follow-redirects": {
          "version": "1.2.6",
          "resolved": "https://registry.npmjs.org/follow-redirects/-/follow-redirects-1.2.6.tgz",
          "integrity": "sha512-FrMqZ/FONtHnbqO651UPpfRUVukIEwJhXMfdr/JWAmrDbeYBu773b1J6gdWDyRIj4hvvzQEHoEOTrdR8o6KLYA==",
          "requires": {
            "debug": "3.1.0"
          }
        }
      }
    },
    "bluebird": {
      "version": "3.5.1",
      "resolved": "https://registry.npmjs.org/bluebird/-/bluebird-3.5.1.tgz",
      "integrity": "sha512-MKiLiV+I1AA596t9w1sQJ8jkiSr5+ZKi0WKrYGUn6d1Fx+Ij4tIj+m2WMQSGczs5jZVxV339chE8iwk6F64wjA=="
    },
    "graphql-tag": {
      "version": "2.6.0",
      "resolved": "https://registry.npmjs.org/graphql-tag/-/graphql-tag-2.6.0.tgz",
      "integrity": "sha1-D7G59tZlEmPEejQg6CeRDm/tOVI="
    },
    "is-buffer": {
      "version": "1.1.6",
      "resolved": "https://registry.npmjs.org/is-buffer/-/is-buffer-1.1.6.tgz",
      "integrity": "sha512-NcdALwpXkTm5Zvvbk7owOUSvVvBKDgKP5/ewfXEznmQFfs4ZRmanOeKBTjRVjka3QFoN6XJ+9F3USqfHqTaU5w=="
    },
    "ms": {
      "version": "2.0.0",
      "resolved": "https://registry.npmjs.org/ms/-/ms-2.0.0.tgz",
      "integrity": "sha1-VgiurfwAvmwpAd9fmGF4jeDVl8g="
    },
    "qs": {
      "version": "6.5.1",
      "resolved": "https://registry.npmjs.org/qs/-/qs-6.5.1.tgz",
      "integrity": "sha512-eRzhrN1WSINYCDCbrz796z37LOe3m5tmW7RQf6oBntukAG1nmovJvhnwHHRMAfeoItc1m2Hk02WER2aQ/iqs+A=="
    },
    "symbol-observable": {
      "version": "1.1.0",
      "resolved": "https://registry.npmjs.org/symbol-observable/-/symbol-observable-1.1.0.tgz",
      "integrity": "sha512-dQoid9tqQ+uotGhuTKEY11X4xhyYePVnqGSoSm3OGKh2E8LZ6RPULp1uXTctk33IeERlrRJYoVSBglsL05F5Uw=="
    },
    "tachyons-svg": {
      "version": "1.0.1",
      "resolved": "https://registry.npmjs.org/tachyons-svg/-/tachyons-svg-1.0.1.tgz",
      "integrity": "sha1-BE10VJ9SkQHkBcahMsrdSFi0Uwc="
    },
    "vtex-tachyons": {
      "version": "0.1.5",
      "resolved": "https://registry.npmjs.org/vtex-tachyons/-/vtex-tachyons-0.1.5.tgz",
      "integrity": "sha1-IMZENlPLPiUiMVkIsst5t8GoLcY="
    },
    "zen-observable": {
      "version": "0.6.0",
      "resolved": "https://registry.npmjs.org/zen-observable/-/zen-observable-0.6.0.tgz",
      "integrity": "sha512-G5v4eFZ1+qJC9U3iyldcc7OLsYfFf6/+/vywU3acbq0qq1PdFXsyfqtOUaQSTwhdbejO7AQWil3GzHxYlMchIg=="
    }
  }
}
