# THIS IS AN AUTOGENERATED FILE. DO NOT EDIT THIS FILE DIRECTLY.
# yarn lockfile v1


"@types/async@2.0.45":
  version "2.0.45"
  resolved "https://registry.yarnpkg.com/@types/async/-/async-2.0.45.tgz#0cfe971d7ed5542695740338e0455c91078a0e83"

"@types/zen-observable@0.5.3", "@types/zen-observable@^0.5.3":
  version "0.5.3"
  resolved "https://registry.yarnpkg.com/@types/zen-observable/-/zen-observable-0.5.3.tgz#91b728599544efbb7386d8b6633693a3c2e7ade5"

apollo-cache@^1.0.2:
  version "1.0.2"
  resolved "https://registry.yarnpkg.com/apollo-cache/-/apollo-cache-1.0.2.tgz#e3df98696c648649d16a6c3ca9c19e90a556effa"
  dependencies:
    apollo-utilities "^1.0.3"

apollo-client@2.0.4:
  version "2.0.4"
  resolved "https://registry.yarnpkg.com/apollo-client/-/apollo-client-2.0.4.tgz#425c2944e068602b4e002b3f1ad08ddd893f1a0c"
  dependencies:
    "@types/zen-observable" "^0.5.3"
    apollo-cache "^1.0.2"
    apollo-link "^1.0.0"
    apollo-link-dedup "^1.0.0"
    apollo-utilities "^1.0.3"
    symbol-observable "^1.0.2"
    zen-observable "^0.6.0"
  optionalDependencies:
    "@types/async" "2.0.45"

apollo-link-dedup@^1.0.0:
  version "1.0.5"
  resolved "https://registry.yarnpkg.com/apollo-link-dedup/-/apollo-link-dedup-1.0.5.tgz#1c213d7ebbe48e74b016fffacd7e6a53dc309e32"
  dependencies:
    apollo-link "^1.0.7"

apollo-link@^1.0.0, apollo-link@^1.0.7:
  version "1.0.7"
  resolved "https://registry.yarnpkg.com/apollo-link/-/apollo-link-1.0.7.tgz#42cd38a7378332fc3e41a214ff6a6e5e703a556f"
  dependencies:
    "@types/zen-observable" "0.5.3"
    apollo-utilities "^1.0.0"
    zen-observable "^0.6.0"

apollo-utilities@^1.0.0, apollo-utilities@^1.0.3:
  version "1.0.3"
  resolved "https://registry.yarnpkg.com/apollo-utilities/-/apollo-utilities-1.0.3.tgz#bf435277609850dd442cf1d5c2e8bc6655eaa943"

axios@^0.17.1:
  version "0.17.1"
  resolved "https://registry.yarnpkg.com/axios/-/axios-0.17.1.tgz#2d8e3e5d0bdbd7327f91bc814f5c57660f81824d"
  dependencies:
    follow-redirects "^1.2.5"
    is-buffer "^1.1.5"

bluebird@^3.4.7:
  version "3.5.1"
  resolved "https://registry.yarnpkg.com/bluebird/-/bluebird-3.5.1.tgz#d9551f9de98f1fcda1e683d17ee91a0602ee2eb9"

debug@^3.1.0:
  version "3.1.0"
  resolved "https://registry.yarnpkg.com/debug/-/debug-3.1.0.tgz#5bb5a0672628b64149566ba16819e61518c67261"
  dependencies:
    ms "2.0.0"

follow-redirects@^1.2.5:
  version "1.2.6"
  resolved "https://registry.yarnpkg.com/follow-redirects/-/follow-redirects-1.2.6.tgz#4dcdc7e4ab3dd6765a97ff89c3b4c258117c79bf"
  dependencies:
    debug "^3.1.0"

graphql-tag@2.6.0:
  version "2.6.0"
  resolved "https://registry.yarnpkg.com/graphql-tag/-/graphql-tag-2.6.0.tgz#0fb1b9f6d6651263c47a3420e827910e6fed3952"

is-buffer@^1.1.5:
  version "1.1.6"
  resolved "https://registry.yarnpkg.com/is-buffer/-/is-buffer-1.1.6.tgz#efaa2ea9daa0d7ab2ea13a97b2b8ad51fefbe8be"

ms@2.0.0:
  version "2.0.0"
  resolved "https://registry.yarnpkg.com/ms/-/ms-2.0.0.tgz#5608aeadfc00be6c2901df5f9861788de0d597c8"

qs@^6.4.0:
  version "6.5.1"
  resolved "https://registry.yarnpkg.com/qs/-/qs-6.5.1.tgz#349cdf6eef89ec45c12d7d5eb3fc0c870343a6d8"

symbol-observable@^1.0.2:
  version "1.1.0"
  resolved "https://registry.yarnpkg.com/symbol-observable/-/symbol-observable-1.1.0.tgz#5c68fd8d54115d9dfb72a84720549222e8db9b32"

tachyons-svg@^1.0.1:
  version "1.0.1"
  resolved "https://registry.yarnpkg.com/tachyons-svg/-/tachyons-svg-1.0.1.tgz#044d74549f529101e405c6a132cadd4858b45307"

vtex-tachyons@^0.1.0:
  version "0.1.5"
  resolved "https://registry.yarnpkg.com/vtex-tachyons/-/vtex-tachyons-0.1.5.tgz#20c6443653cb3e2522315908b2cb79b7c1a82dc6"

zen-observable@^0.6.0:
  version "0.6.1"
  resolved "https://registry.yarnpkg.com/zen-observable/-/zen-observable-0.6.1.tgz#01dbed3bc8d02cbe9ee1112c83e04c807f647244"
